
Microsoft Visual Studio Solution File, Format Version 12.00
# Visual Studio 2012
Project("{FAE04EC0-301F-11D3-BF4B-00C04F79EFBC}") = "MVCDesignPatternIntro", "MVCDesignPatternIntro\MVCDesignPatternIntro.csproj", "{AF7F45E6-5581-41DD-B39E-59B448DE65FE}"
EndProject
Global
	GlobalSection(SolutionConfigurationPlatforms) = preSolution
		Debug|Any CPU = Debug|Any CPU
		Release|Any CPU = Release|Any CPU
	EndGlobalSection
	GlobalSection(ProjectConfigurationPlatforms) = postSolution
		{AF7F45E6-5581-41DD-B39E-59B448DE65FE}.Debug|Any CPU.ActiveCfg = Debug|Any CPU
		{AF7F45E6-5581-41DD-B39E-59B448DE65FE}.Debug|Any CPU.Build.0 = Debug|Any CPU
		{AF7F45E6-5581-41DD-B39E-59B448DE65FE}.Release|Any CPU.ActiveCfg = Release|Any CPU
		{AF7F45E6-5581-41DD-B39E-59B448DE65FE}.Release|Any CPU.Build.0 = Release|Any CPU
	EndGlobalSection
	GlobalSection(SolutionProperties) = preSolution
		HideSolutionNode = FALSE
	EndGlobalSection
EndGlobal
